// !$*UTF8*$!
{
	archiveVersion = 1;
	classes = {
	};
	objectVersion = 56;
	objects = {

/* Begin PBXBuildFile section */
		1CAFAED02B9F7B1E00E2394B /* AppDelegate.swift in Sources */ = {isa = PBXBuildFile; fileRef = 1CAFAECF2B9F7B1E00E2394B /* AppDelegate.swift */; };
		1CAFAED22B9F7B1E00E2394B /* SceneDelegate.swift in Sources */ = {isa = PBXBuildFile; fileRef = 1CAFAED12B9F7B1E00E2394B /* SceneDelegate.swift */; };
		1CAFAED42B9F7B1E00E2394B /* ViewController.swift in Sources */ = {isa = PBXBuildFile; fileRef = 1CAFAED32B9F7B1E00E2394B /* ViewController.swift */; };
		1CAFAED72B9F7B1E00E2394B /* Base in Resources */ = {isa = PBXBuildFile; fileRef = 1CAFAED62B9F7B1E00E2394B /* Base */; };
		1CAFAED92B9F7B1F00E2394B /* Assets.xcassets in Resources */ = {isa = PBXBuildFile; fileRef = 1CAFAED82B9F7B1F00E2394B /* Assets.xcassets */; };
		1CAFAEDC2B9F7B1F00E2394B /* Base in Resources */ = {isa = PBXBuildFile; fileRef = 1CAFAEDB2B9F7B1F00E2394B /* Base */; };
		1CAFAEE72B9F7B1F00E2394B /* ObjectsWithCodeTests.swift in Sources */ = {isa = PBXBuildFile; fileRef = 1CAFAEE62B9F7B1F00E2394B /* ObjectsWithCodeTests.swift */; };
		1CAFAEF12B9F7B1F00E2394B /* ObjectsWithCodeUITests.swift in Sources */ = {isa = PBXBuildFile; fileRef = 1CAFAEF02B9F7B1F00E2394B /* ObjectsWithCodeUITests.swift */; };
		1CAFAEF32B9F7B1F00E2394B /* ObjectsWithCodeUITestsLaunchTests.swift in Sources */ = {isa = PBXBuildFile; fileRef = 1CAFAEF22B9F7B1F00E2394B /* ObjectsWithCodeUITestsLaunchTests.swift */; };
/* End PBXBuildFile section */

/* Begin PBXContainerItemProxy section */
		1CAFAEE32B9F7B1F00E2394B /* PBXContainerItemProxy */ = {
			isa = PBXContainerItemProxy;
			containerPortal = 1CAFAEC42B9F7B1E00E2394B /* Project object */;
			proxyType = 1;
			remoteGlobalIDString = 1CAFAECB2B9F7B1E00E2394B;
			remoteInfo = ObjectsWithCode;
		};
		1CAFAEED2B9F7B1F00E2394B /* PBXContainerItemProxy */ = {
			isa = PBXContainerItemProxy;
			containerPortal = 1CAFAEC42B9F7B1E00E2394B /* Project object */;
			proxyType = 1;
			remoteGlobalIDString = 1CAFAECB2B9F7B1E00E2394B;
			remoteInfo = ObjectsWithCode;
		};
/* End PBXContainerItemProxy section */

/* Begin PBXFileReference section */
		1CAFAECC2B9F7B1E00E2394B /* ObjectsWithCode.app */ = {isa = PBXFileReference; explicitFileType = wrapper.application; includeInIndex = 0; path = ObjectsWithCode.app; sourceTree = BUILT_PRODUCTS_DIR; };
		1CAFAECF2B9F7B1E00E2394B /* AppDelegate.swift */ = {isa = PBXFileReference; lastKnownFileType = sourcecode.swift; path = AppDelegate.swift; sourceTree = "<group>"; };
		1CAFAED12B9F7B1E00E2394B /* SceneDelegate.swift */ = {isa = PBXFileReference; lastKnownFileType = sourcecode.swift; path = SceneDelegate.swift; sourceTree = "<group>"; };
		1CAFAED32B9F7B1E00E2394B /* ViewController.swift */ = {isa = PBXFileReference; lastKnownFileType = sourcecode.swift; path = ViewController.swift; sourceTree = "<group>"; };
		1CAFAED62B9F7B1E00E2394B /* Base */ = {isa = PBXFileReference; lastKnownFileType = file.storyboard; name = Base; path = Base.lproj/Main.storyboard; sourceTree = "<group>"; };
		1CAFAED82B9F7B1F00E2394B /* Assets.xcassets */ = {isa = PBXFileReference; lastKnownFileType = folder.assetcatalog; path = Assets.xcassets; sourceTree = "<group>"; };
		1CAFAEDB2B9F7B1F00E2394B /* Base */ = {isa = PBXFileReference; lastKnownFileType = file.storyboard; name = Base; path = Base.lproj/LaunchScreen.storyboard; sourceTree = "<group>"; };
		1CAFAEDD2B9F7B1F00E2394B /* Info.plist */ = {isa = PBXFileReference; lastKnownFileType = text.plist.xml; path = Info.plist; sourceTree = "<group>"; };
		1CAFAEE22B9F7B1F00E2394B /* ObjectsWithCodeTests.xctest */ = {isa = PBXFileReference; explicitFileType = wrapper.cfbundle; includeInIndex = 0; path = ObjectsWithCodeTests.xctest; sourceTree = BUILT_PRODUCTS_DIR; };
		1CAFAEE62B9F7B1F00E2394B /* ObjectsWithCodeTests.swift */ = {isa = PBXFileReference; lastKnownFileType = sourcecode.swift; path = ObjectsWithCodeTests.swift; sourceTree = "<group>"; };
		1CAFAEEC2B9F7B1F00E2394B /* ObjectsWithCodeUITests.xctest */ = {isa = PBXFileReference; explicitFileType = wrapper.cfbundle; includeInIndex = 0; path = ObjectsWithCodeUITests.xctest; sourceTree = BUILT_PRODUCTS_DIR; };
		1CAFAEF02B9F7B1F00E2394B /* ObjectsWithCodeUITests.swift */ = {isa = PBXFileReference; lastKnownFileType = sourcecode.swift; path = ObjectsWithCodeUITests.swift; sourceTree = "<group>"; };
		1CAFAEF22B9F7B1F00E2394B /* ObjectsWithCodeUITestsLaunchTests.swift */ = {isa = PBXFileReference; lastKnownFileType = sourcecode.swift; path = ObjectsWithCodeUITestsLaunchTests.swift; sourceTree = "<group>"; };
/* End PBXFileReference section */

/* Begin PBXFrameworksBuildPhase section */
		1CAFAEC92B9F7B1E00E2394B /* Frameworks */ = {
			isa = PBXFrameworksBuildPhase;
			buildActionMask = 2147483647;
			files = (
			);
			runOnlyForDeploymentPostprocessing = 0;
		};
		1CAFAEDF2B9F7B1F00E2394B /* Frameworks */ = {
			isa = PBXFrameworksBuildPhase;
			buildActionMask = 2147483647;
			files = (
			);
			runOnlyForDeploymentPostprocessing = 0;
		};
		1CAFAEE92B9F7B1F00E2394B /* Frameworks */ = {
			isa = PBXFrameworksBuildPhase;
			buildActionMask = 2147483647;
			files = (
			);
			runOnlyForDeploymentPostprocessing = 0;
		};
/* End PBXFrameworksBuildPhase section */

/* Begin PBXGroup section */
		1CAFAEC32B9F7B1E00E2394B = {
			isa = PBXGroup;
			children = (
				1CAFAECE2B9F7B1E00E2394B /* ObjectsWithCode */,
				1CAFAEE52B9F7B1F00E2394B /* ObjectsWithCodeTests */,
				1CAFAEEF2B9F7B1F00E2394B /* ObjectsWithCodeUITests */,
				1CAFAECD2B9F7B1E00E2394B /* Products */,
			);
			sourceTree = "<group>";
		};
		1CAFAECD2B9F7B1E00E2394B /* Products */ = {
			isa = PBXGroup;
			children = (
				1CAFAECC2B9F7B1E00E2394B /* ObjectsWithCode.app */,
				1CAFAEE22B9F7B1F00E2394B /* ObjectsWithCodeTests.xctest */,
				1CAFAEEC2B9F7B1F00E2394B /* ObjectsWithCodeUITests.xctest */,
			);
			name = Products;
			sourceTree = "<group>";
		};
		1CAFAECE2B9F7B1E00E2394B /* ObjectsWithCode */ = {
			isa = PBXGroup;
			children = (
				1CAFAECF2B9F7B1E00E2394B /* AppDelegate.swift */,
				1CAFAED12B9F7B1E00E2394B /* SceneDelegate.swift */,
				1CAFAED32B9F7B1E00E2394B /* ViewController.swift */,
				1CAFAED52B9F7B1E00E2394B /* Main.storyboard */,
				1CAFAED82B9F7B1F00E2394B /* Assets.xcassets */,
				1CAFAEDA2B9F7B1F00E2394B /* LaunchScreen.storyboard */,
				1CAFAEDD2B9F7B1F00E2394B /* Info.plist */,
			);
			path = ObjectsWithCode;
			sourceTree = "<group>";
		};
		1CAFAEE52B9F7B1F00E2394B /* ObjectsWithCodeTests */ = {
			isa = PBXGroup;
			children = (
				1CAFAEE62B9F7B1F00E2394B /* ObjectsWithCodeTests.swift */,
			);
			path = ObjectsWithCodeTests;
			sourceTree = "<group>";
		};
		1CAFAEEF2B9F7B1F00E2394B /* ObjectsWithCodeUITests */ = {
			isa = PBXGroup;
			children = (
				1CAFAEF02B9F7B1F00E2394B /* ObjectsWithCodeUITests.swift */,
				1CAFAEF22B9F7B1F00E2394B /* ObjectsWithCodeUITestsLaunchTests.swift */,
			);
			path = ObjectsWithCodeUITests;
			sourceTree = "<group>";
		};
/* End PBXGroup section */

/* Begin PBXNativeTarget section */
		1CAFAECB2B9F7B1E00E2394B /* ObjectsWithCode */ = {
			isa = PBXNativeTarget;
			buildConfigurationList = 1CAFAEF62B9F7B1F00E2394B /* Build configuration list for PBXNativeTarget "ObjectsWithCode" */;
			buildPhases = (
				1CAFAEC82B9F7B1E00E2394B /* Sources */,
				1CAFAEC92B9F7B1E00E2394B /* Frameworks */,
				1CAFAECA2B9F7B1E00E2394B /* Resources */,
			);
			buildRules = (
			);
			dependencies = (
			);
			name = ObjectsWithCode;
			productName = ObjectsWithCode;
			productReference = 1CAFAECC2B9F7B1E00E2394B /* ObjectsWithCode.app */;
			productType = "com.apple.product-type.application";
		};
		1CAFAEE12B9F7B1F00E2394B /* ObjectsWithCodeTests */ = {
			isa = PBXNativeTarget;
			buildConfigurationList = 1CAFAEF92B9F7B1F00E2394B /* Build configuration list for PBXNativeTarget "ObjectsWithCodeTests" */;
			buildPhases = (
				1CAFAEDE2B9F7B1F00E2394B /* Sources */,
				1CAFAEDF2B9F7B1F00E2394B /* Frameworks */,
				1CAFAEE02B9F7B1F00E2394B /* Resources */,
			);
			buildRules = (
			);
			dependencies = (
				1CAFAEE42B9F7B1F00E2394B /* PBXTargetDependency */,
			);
			name = ObjectsWithCodeTests;
			productName = ObjectsWithCodeTests;
			productReference = 1CAFAEE22B9F7B1F00E2394B /* ObjectsWithCodeTests.xctest */;
			productType = "com.apple.product-type.bundle.unit-test";
		};
		1CAFAEEB2B9F7B1F00E2394B /* ObjectsWithCodeUITests */ = {
			isa = PBXNativeTarget;
			buildConfigurationList = 1CAFAEFC2B9F7B1F00E2394B /* Build configuration list for PBXNativeTarget "ObjectsWithCodeUITests" */;
			buildPhases = (
				1CAFAEE82B9F7B1F00E2394B /* Sources */,
				1CAFAEE92B9F7B1F00E2394B /* Frameworks */,
				1CAFAEEA2B9F7B1F00E2394B /* Resources */,
			);
			buildRules = (
			);
			dependencies = (
				1CAFAEEE2B9F7B1F00E2394B /* PBXTargetDependency */,
			);
			name = ObjectsWithCodeUITests;
			productName = ObjectsWithCodeUITests;
			productReference = 1CAFAEEC2B9F7B1F00E2394B /* ObjectsWithCodeUITests.xctest */;
			productType = "com.apple.product-type.bundle.ui-testing";
		};
/* End PBXNativeTarget section */

/* Begin PBXProject section */
		1CAFAEC42B9F7B1E00E2394B /* Project object */ = {
			isa = PBXProject;
			attributes = {
				BuildIndependentTargetsInParallel = 1;
				LastSwiftUpdateCheck = 1530;
				LastUpgradeCheck = 1530;
				TargetAttributes = {
					1CAFAECB2B9F7B1E00E2394B = {
						CreatedOnToolsVersion = 15.3;
					};
					1CAFAEE12B9F7B1F00E2394B = {
						CreatedOnToolsVersion = 15.3;
						TestTargetID = 1CAFAECB2B9F7B1E00E2394B;
					};
					1CAFAEEB2B9F7B1F00E2394B = {
						CreatedOnToolsVersion = 15.3;
						TestTargetID = 1CAFAECB2B9F7B1E00E2394B;
					};
				};
			};
			buildConfigurationList = 1CAFAEC72B9F7B1E00E2394B /* Build configuration list for PBXProject "ObjectsWithCode" */;
			compatibilityVersion = "Xcode 14.0";
			developmentRegion = en;
			hasScannedForEncodings = 0;
			knownRegions = (
				en,
				Base,
			);
			mainGroup = 1CAFAEC32B9F7B1E00E2394B;
			productRefGroup = 1CAFAECD2B9F7B1E00E2394B /* Products */;
			projectDirPath = "";
			projectRoot = "";
			targets = (
				1CAFAECB2B9F7B1E00E2394B /* ObjectsWithCode */,
				1CAFAEE12B9F7B1F00E2394B /* ObjectsWithCodeTests */,
				1CAFAEEB2B9F7B1F00E2394B /* ObjectsWithCodeUITests */,
			);
		};
/* End PBXProject section */

/* Begin PBXResourcesBuildPhase section */
		1CAFAECA2B9F7B1E00E2394B /* Resources */ = {
			isa = PBXResourcesBuildPhase;
			buildActionMask = 2147483647;
			files = (
				1CAFAED92B9F7B1F00E2394B /* Assets.xcassets in Resources */,
				1CAFAEDC2B9F7B1F00E2394B /* Base in Resources */,
				1CAFAED72B9F7B1E00E2394B /* Base in Resources */,
			);
			runOnlyForDeploymentPostprocessing = 0;
		};
		1CAFAEE02B9F7B1F00E2394B /* Resources */ = {
			isa = PBXResourcesBuildPhase;
			buildActionMask = 2147483647;
			files = (
			);
			runOnlyForDeploymentPostprocessing = 0;
		};
		1CAFAEEA2B9F7B1F00E2394B /* Resources */ = {
			isa = PBXResourcesBuildPhase;
			buildActionMask = 2147483647;
			files = (
			);
			runOnlyForDeploymentPostprocessing = 0;
		};
/* End PBXResourcesBuildPhase section */

/* Begin PBXSourcesBuildPhase section */
		1CAFAEC82B9F7B1E00E2394B /* Sources */ = {
			isa = PBXSourcesBuildPhase;
			buildActionMask = 2147483647;
			files = (
				1CAFAED42B9F7B1E00E2394B /* ViewController.swift in Sources */,
				1CAFAED02B9F7B1E00E2394B /* AppDelegate.swift in Sources */,
				1CAFAED22B9F7B1E00E2394B /* SceneDelegate.swift in Sources */,
			);
			runOnlyForDeploymentPostprocessing = 0;
		};
		1CAFAEDE2B9F7B1F00E2394B /* Sources */ = {
			isa = PBXSourcesBuildPhase;
			buildActionMask = 2147483647;
			files = (
				1CAFAEE72B9F7B1F00E2394B /* ObjectsWithCodeTests.swift in Sources */,
			);
			runOnlyForDeploymentPostprocessing = 0;
		};
		1CAFAEE82B9F7B1F00E2394B /* Sources */ = {
			isa = PBXSourcesBuildPhase;
			buildActionMask = 2147483647;
			files = (
				1CAFAEF32B9F7B1F00E2394B /* ObjectsWithCodeUITestsLaunchTests.swift in Sources */,
				1CAFAEF12B9F7B1F00E2394B /* ObjectsWithCodeUITests.swift in Sources */,
			);
			runOnlyForDeploymentPostprocessing = 0;
		};
/* End PBXSourcesBuildPhase section */

/* Begin PBXTargetDependency section */
		1CAFAEE42B9F7B1F00E2394B /* PBXTargetDependency */ = {
			isa = PBXTargetDependency;
			target = 1CAFAECB2B9F7B1E00E2394B /* ObjectsWithCode */;
			targetProxy = 1CAFAEE32B9F7B1F00E2394B /* PBXContainerItemProxy */;
		};
		1CAFAEEE2B9F7B1F00E2394B /* PBXTargetDependency */ = {
			isa = PBXTargetDependency;
			target = 1CAFAECB2B9F7B1E00E2394B /* ObjectsWithCode */;
			targetProxy = 1CAFAEED2B9F7B1F00E2394B /* PBXContainerItemProxy */;
		};
/* End PBXTargetDependency section */

/* Begin PBXVariantGroup section */
		1CAFAED52B9F7B1E00E2394B /* Main.storyboard */ = {
			isa = PBXVariantGroup;
			children = (
				1CAFAED62B9F7B1E00E2394B /* Base */,
			);
			name = Main.storyboard;
			sourceTree = "<group>";
		};
		1CAFAEDA2B9F7B1F00E2394B /* LaunchScreen.storyboard */ = {
			isa = PBXVariantGroup;
			children = (
				1CAFAEDB2B9F7B1F00E2394B /* Base */,
			);
			name = LaunchScreen.storyboard;
			sourceTree = "<group>";
		};
/* End PBXVariantGroup section */

/* Begin XCBuildConfiguration section */
		1CAFAEF42B9F7B1F00E2394B /* Debug */ = {
			isa = XCBuildConfiguration;
			buildSettings = {
				ALWAYS_SEARCH_USER_PATHS = NO;
				ASSETCATALOG_COMPILER_GENERATE_SWIFT_ASSET_SYMBOL_EXTENSIONS = YES;
				CLANG_ANALYZER_NONNULL = YES;
				CLANG_ANALYZER_NUMBER_OBJECT_CONVERSION = YES_AGGRESSIVE;
				CLANG_CXX_LANGUAGE_STANDARD = "gnu++20";
				CLANG_ENABLE_MODULES = YES;
				CLANG_ENABLE_OBJC_ARC = YES;
				CLANG_ENABLE_OBJC_WEAK = YES;
				CLANG_WARN_BLOCK_CAPTURE_AUTORELEASING = YES;
				CLANG_WARN_BOOL_CONVERSION = YES;
				CLANG_WARN_COMMA = YES;
				CLANG_WARN_CONSTANT_CONVERSION = YES;
				CLANG_WARN_DEPRECATED_OBJC_IMPLEMENTATIONS = YES;
				CLANG_WARN_DIRECT_OBJC_ISA_USAGE = YES_ERROR;
				CLANG_WARN_DOCUMENTATION_COMMENTS = YES;
				CLANG_WARN_EMPTY_BODY = YES;
				CLANG_WARN_ENUM_CONVERSION = YES;
				CLANG_WARN_INFINITE_RECURSION = YES;
				CLANG_WARN_INT_CONVERSION = YES;
				CLANG_WARN_NON_LITERAL_NULL_CONVERSION = YES;
				CLANG_WARN_OBJC_IMPLICIT_RETAIN_SELF = YES;
				CLANG_WARN_OBJC_LITERAL_CONVERSION = YES;
				CLANG_WARN_OBJC_ROOT_CLASS = YES_ERROR;
				CLANG_WARN_QUOTED_INCLUDE_IN_FRAMEWORK_HEADER = YES;
				CLANG_WARN_RANGE_LOOP_ANALYSIS = YES;
				CLANG_WARN_STRICT_PROTOTYPES = YES;
				CLANG_WARN_SUSPICIOUS_MOVE = YES;
				CLANG_WARN_UNGUARDED_AVAILABILITY = YES_AGGRESSIVE;
				CLANG_WARN_UNREACHABLE_CODE = YES;
				CLANG_WARN__DUPLICATE_METHOD_MATCH = YES;
				COPY_PHASE_STRIP = NO;
				DEBUG_INFORMATION_FORMAT = dwarf;
				ENABLE_STRICT_OBJC_MSGSEND = YES;
				ENABLE_TESTABILITY = YES;
				ENABLE_USER_SCRIPT_SANDBOXING = YES;
				GCC_C_LANGUAGE_STANDARD = gnu17;
				GCC_DYNAMIC_NO_PIC = NO;
				GCC_NO_COMMON_BLOCKS = YES;
				GCC_OPTIMIZATION_LEVEL = 0;
				GCC_PREPROCESSOR_DEFINITIONS = (
					"DEBUG=1",
					"$(inherited)",
				);
				GCC_WARN_64_TO_32_BIT_CONVERSION = YES;
				GCC_WARN_ABOUT_RETURN_TYPE = YES_ERROR;
				GCC_WARN_UNDECLARED_SELECTOR = YES;
				GCC_WARN_UNINITIALIZED_AUTOS = YES_AGGRESSIVE;
				GCC_WARN_UNUSED_FUNCTION = YES;
				GCC_WARN_UNUSED_VARIABLE = YES;
				IPHONEOS_DEPLOYMENT_TARGET = 17.4;
				LOCALIZATION_PREFERS_STRING_CATALOGS = YES;
				MTL_ENABLE_DEBUG_INFO = INCLUDE_SOURCE;
				MTL_FAST_MATH = YES;
				ONLY_ACTIVE_ARCH = YES;
				SDKROOT = iphoneos;
				SWIFT_ACTIVE_COMPILATION_CONDITIONS = "DEBUG $(inherited)";
				SWIFT_OPTIMIZATION_LEVEL = "-Onone";
			};
			name = Debug;
		};
		1CAFAEF52B9F7B1F00E2394B /* Release */ = {
			isa = XCBuildConfiguration;
			buildSettings = {
				ALWAYS_SEARCH_USER_PATHS = NO;
				ASSETCATALOG_COMPILER_GENERATE_SWIFT_ASSET_SYMBOL_EXTENSIONS = YES;
				CLANG_ANALYZER_NONNULL = YES;
				CLANG_ANALYZER_NUMBER_OBJECT_CONVERSION = YES_AGGRESSIVE;
				CLANG_CXX_LANGUAGE_STANDARD = "gnu++20";
				CLANG_ENABLE_MODULES = YES;
				CLANG_ENABLE_OBJC_ARC = YES;
				CLANG_ENABLE_OBJC_WEAK = YES;
				CLANG_WARN_BLOCK_CAPTURE_AUTORELEASING = YES;
				CLANG_WARN_BOOL_CONVERSION = YES;
				CLANG_WARN_COMMA = YES;
				CLANG_WARN_CONSTANT_CONVERSION = YES;
				CLANG_WARN_DEPRECATED_OBJC_IMPLEMENTATIONS = YES;
				CLANG_WARN_DIRECT_OBJC_ISA_USAGE = YES_ERROR;
				CLANG_WARN_DOCUMENTATION_COMMENTS = YES;
				CLANG_WARN_EMPTY_BODY = YES;
				CLANG_WARN_ENUM_CONVERSION = YES;
				CLANG_WARN_INFINITE_RECURSION = YES;
				CLANG_WARN_INT_CONVERSION = YES;
				CLANG_WARN_NON_LITERAL_NULL_CONVERSION = YES;
				CLANG_WARN_OBJC_IMPLICIT_RETAIN_SELF = YES;
				CLANG_WARN_OBJC_LITERAL_CONVERSION = YES;
				CLANG_WARN_OBJC_ROOT_CLASS = YES_ERROR;
				CLANG_WARN_QUOTED_INCLUDE_IN_FRAMEWORK_HEADER = YES;
				CLANG_WARN_RANGE_LOOP_ANALYSIS = YES;
				CLANG_WARN_STRICT_PROTOTYPES = YES;
				CLANG_WARN_SUSPICIOUS_MOVE = YES;
				CLANG_WARN_UNGUARDED_AVAILABILITY = YES_AGGRESSIVE;
				CLANG_WARN_UNREACHABLE_CODE = YES;
				CLANG_WARN__DUPLICATE_METHOD_MATCH = YES;
				COPY_PHASE_STRIP = NO;
				DEBUG_INFORMATION_FORMAT = "dwarf-with-dsym";
				ENABLE_NS_ASSERTIONS = NO;
				ENABLE_STRICT_OBJC_MSGSEND = YES;
				ENABLE_USER_SCRIPT_SANDBOXING = YES;
				GCC_C_LANGUAGE_STANDARD = gnu17;
				GCC_NO_COMMON_BLOCKS = YES;
				GCC_WARN_64_TO_32_BIT_CONVERSION = YES;
				GCC_WARN_ABOUT_RETURN_TYPE = YES_ERROR;
				GCC_WARN_UNDECLARED_SELECTOR = YES;
				GCC_WARN_UNINITIALIZED_AUTOS = YES_AGGRESSIVE;
				GCC_WARN_UNUSED_FUNCTION = YES;
				GCC_WARN_UNUSED_VARIABLE = YES;
				IPHONEOS_DEPLOYMENT_TARGET = 17.4;
				LOCALIZATION_PREFERS_STRING_CATALOGS = YES;
				MTL_ENABLE_DEBUG_INFO = NO;
				MTL_FAST_MATH = YES;
				SDKROOT = iphoneos;
				SWIFT_COMPILATION_MODE = wholemodule;
				VALIDATE_PRODUCT = YES;
			};
			name = Release;
		};
		1CAFAEF72B9F7B1F00E2394B /* Debug */ = {
			isa = XCBuildConfiguration;
			buildSettings = {
				ASSETCATALOG_COMPILER_APPICON_NAME = AppIcon;
				ASSETCATALOG_COMPILER_GLOBAL_ACCENT_COLOR_NAME = AccentColor;
				CODE_SIGN_STYLE = Automatic;
				CURRENT_PROJECT_VERSION = 1;
				GENERATE_INFOPLIST_FILE = YES;
				INFOPLIST_FILE = ObjectsWithCode/Info.plist;
				INFOPLIST_KEY_UIApplicationSupportsIndirectInputEvents = YES;
				INFOPLIST_KEY_UILaunchStoryboardName = LaunchScreen;
				INFOPLIST_KEY_UIMainStoryboardFile = Main;
				INFOPLIST_KEY_UISupportedInterfaceOrientations_iPad = "UIInterfaceOrientationPortrait UIInterfaceOrientationPortraitUpsideDown UIInterfaceOrientationLandscapeLeft UIInterfaceOrientationLandscapeRight";
				INFOPLIST_KEY_UISupportedInterfaceOrientations_iPhone = "UIInterfaceOrientationPortrait UIInterfaceOrientationLandscapeLeft UIInterfaceOrientationLandscapeRight";
				LD_RUNPATH_SEARCH_PATHS = (
					"$(inherited)",
					"@executable_path/Frameworks",
				);
				MARKETING_VERSION = 1.0;
				PRODUCT_BUNDLE_IDENTIFIER = com.leemarshallchris.ObjectsWithCode;
				PRODUCT_NAME = "$(TARGET_NAME)";
				SWIFT_EMIT_LOC_STRINGS = YES;
				SWIFT_VERSION = 5.0;
				TARGETED_DEVICE_FAMILY = "1,2";
			};
			name = Debug;
		};
		1CAFAEF82B9F7B1F00E2394B /* Release */ = {
			isa = XCBuildConfiguration;
			buildSettings = {
				ASSETCATALOG_COMPILER_APPICON_NAME = AppIcon;
				ASSETCATALOG_COMPILER_GLOBAL_ACCENT_COLOR_NAME = AccentColor;
				CODE_SIGN_STYLE = Automatic;
				CURRENT_PROJECT_VERSION = 1;
				GENERATE_INFOPLIST_FILE = YES;
				INFOPLIST_FILE = ObjectsWithCode/Info.plist;
				INFOPLIST_KEY_UIApplicationSupportsIndirectInputEvents = YES;
				INFOPLIST_KEY_UILaunchStoryboardName = LaunchScreen;
				INFOPLIST_KEY_UIMainStoryboardFile = Main;
				INFOPLIST_KEY_UISupportedInterfaceOrientations_iPad = "UIInterfaceOrientationPortrait UIInterfaceOrientationPortraitUpsideDown UIInterfaceOrientationLandscapeLeft UIInterfaceOrientationLandscapeRight";
				INFOPLIST_KEY_UISupportedInterfaceOrientations_iPhone = "UIInterfaceOrientationPortrait UIInterfaceOrientationLandscapeLeft UIInterfaceOrientationLandscapeRight";
				LD_RUNPATH_SEARCH_PATHS = (
					"$(inherited)",
					"@executable_path/Frameworks",
				);
				MARKETING_VERSION = 1.0;
				PRODUCT_BUNDLE_IDENTIFIER = com.leemarshallchris.ObjectsWithCode;
				PRODUCT_NAME = "$(TARGET_NAME)";
				SWIFT_EMIT_LOC_STRINGS = YES;
				SWIFT_VERSION = 5.0;
				TARGETED_DEVICE_FAMILY = "1,2";
			};
			name = Release;
		};
		1CAFAEFA2B9F7B1F00E2394B /* Debug */ = {
			isa = XCBuildConfiguration;
			buildSettings = {
				ALWAYS_EMBED_SWIFT_STANDARD_LIBRARIES = YES;
				BUNDLE_LOADER = "$(TEST_HOST)";
				CODE_SIGN_STYLE = Automatic;
				CURRENT_PROJECT_VERSION = 1;
				GENERATE_INFOPLIST_FILE = YES;
				IPHONEOS_DEPLOYMENT_TARGET = 17.4;
				MARKETING_VERSION = 1.0;
				PRODUCT_BUNDLE_IDENTIFIER = com.leemarshallchris.ObjectsWithCodeTests;
				PRODUCT_NAME = "$(TARGET_NAME)";
				SWIFT_EMIT_LOC_STRINGS = NO;
				SWIFT_VERSION = 5.0;
				TARGETED_DEVICE_FAMILY = "1,2";
				TEST_HOST = "$(BUILT_PRODUCTS_DIR)/ObjectsWithCode.app/$(BUNDLE_EXECUTABLE_FOLDER_PATH)/ObjectsWithCode";
			};
			name = Debug;
		};
		1CAFAEFB2B9F7B1F00E2394B /* Release */ = {
			isa = XCBuildConfiguration;
			buildSettings = {
				ALWAYS_EMBED_SWIFT_STANDARD_LIBRARIES = YES;
				BUNDLE_LOADER = "$(TEST_HOST)";
				CODE_SIGN_STYLE = Automatic;
				CURRENT_PROJECT_VERSION = 1;
				GENERATE_INFOPLIST_FILE = YES;
				IPHONEOS_DEPLOYMENT_TARGET = 17.4;
				MARKETING_VERSION = 1.0;
				PRODUCT_BUNDLE_IDENTIFIER = com.leemarshallchris.ObjectsWithCodeTests;
				PRODUCT_NAME = "$(TARGET_NAME)";
				SWIFT_EMIT_LOC_STRINGS = NO;
				SWIFT_VERSION = 5.0;
				TARGETED_DEVICE_FAMILY = "1,2";
				TEST_HOST = "$(BUILT_PRODUCTS_DIR)/ObjectsWithCode.app/$(BUNDLE_EXECUTABLE_FOLDER_PATH)/ObjectsWithCode";
			};
			name = Release;
		};
		1CAFAEFD2B9F7B1F00E2394B /* Debug */ = {
			isa = XCBuildConfiguration;
			buildSettings = {
				ALWAYS_EMBED_SWIFT_STANDARD_LIBRARIES = YES;
				CODE_SIGN_STYLE = Automatic;
				CURRENT_PROJECT_VERSION = 1;
				GENERATE_INFOPLIST_FILE = YES;
				MARKETING_VERSION = 1.0;
				PRODUCT_BUNDLE_IDENTIFIER = com.leemarshallchris.ObjectsWithCodeUITests;
				PRODUCT_NAME = "$(TARGET_NAME)";
				SWIFT_EMIT_LOC_STRINGS = NO;
				SWIFT_VERSION = 5.0;
				TARGETED_DEVICE_FAMILY = "1,2";
				TEST_TARGET_NAME = ObjectsWithCode;
			};
			name = Debug;
		};
		1CAFAEFE2B9F7B1F00E2394B /* Release */ = {
			isa = XCBuildConfiguration;
			buildSettings = {
				ALWAYS_EMBED_SWIFT_STANDARD_LIBRARIES = YES;
				CODE_SIGN_STYLE = Automatic;
				CURRENT_PROJECT_VERSION = 1;
				GENERATE_INFOPLIST_FILE = YES;
				MARKETING_VERSION = 1.0;
				PRODUCT_BUNDLE_IDENTIFIER = com.leemarshallchris.ObjectsWithCodeUITests;
				PRODUCT_NAME = "$(TARGET_NAME)";
				SWIFT_EMIT_LOC_STRINGS = NO;
				SWIFT_VERSION = 5.0;
				TARGETED_DEVICE_FAMILY = "1,2";
				TEST_TARGET_NAME = ObjectsWithCode;
			};
			name = Release;
		};
/* End XCBuildConfiguration section */

/* Begin XCConfigurationList section */
		1CAFAEC72B9F7B1E00E2394B /* Build configuration list for PBXProject "ObjectsWithCode" */ = {
			isa = XCConfigurationList;
			buildConfigurations = (
				1CAFAEF42B9F7B1F00E2394B /* Debug */,
				1CAFAEF52B9F7B1F00E2394B /* Release */,
			);
			defaultConfigurationIsVisible = 0;
			defaultConfigurationName = Release;
		};
		1CAFAEF62B9F7B1F00E2394B /* Build configuration list for PBXNativeTarget "ObjectsWithCode" */ = {
			isa = XCConfigurationList;
			buildConfigurations = (
				1CAFAEF72B9F7B1F00E2394B /* Debug */,
				1CAFAEF82B9F7B1F00E2394B /* Release */,
			);
			defaultConfigurationIsVisible = 0;
			defaultConfigurationName = Release;
		};
		1CAFAEF92B9F7B1F00E2394B /* Build configuration list for PBXNativeTarget "ObjectsWithCodeTests" */ = {
			isa = XCConfigurationList;
			buildConfigurations = (
				1CAFAEFA2B9F7B1F00E2394B /* Debug */,
				1CAFAEFB2B9F7B1F00E2394B /* Release */,
			);
			defaultConfigurationIsVisible = 0;
			defaultConfigurationName = Release;
		};
		1CAFAEFC2B9F7B1F00E2394B /* Build configuration list for PBXNativeTarget "ObjectsWithCodeUITests" */ = {
			isa = XCConfigurationList;
			buildConfigurations = (
				1CAFAEFD2B9F7B1F00E2394B /* Debug */,
				1CAFAEFE2B9F7B1F00E2394B /* Release */,
			);
			defaultConfigurationIsVisible = 0;
			defaultConfigurationName = Release;
		};
/* End XCConfigurationList section */
	};
	rootObject = 1CAFAEC42B9F7B1E00E2394B /* Project object */;
}
